
Microsoft Visual Studio Solution File, Format Version 12.00
# Visual Studio Version 17
VisualStudioVersion = 17.5.002.0
MinimumVisualStudioVersion = 10.0.40219.1
Project("{9A19103F-16F7-4668-BE54-9A1E7A4F7556}") = "programL", "programL\programL.csproj", "{188517E6-05B7-4AAB-8E9D-A94218ECBA86}"
EndProject
Global
	GlobalSection(SolutionConfigurationPlatforms) = preSolution
		Debug|Any CPU = Debug|Any CPU
		Release|Any CPU = Release|Any CPU
	EndGlobalSection
	GlobalSection(ProjectConfigurationPlatforms) = postSolution
		{188517E6-05B7-4AAB-8E9D-A94218ECBA86}.Debug|Any CPU.ActiveCfg = Debug|Any CPU
		{188517E6-05B7-4AAB-8E9D-A94218ECBA86}.Debug|Any CPU.Build.0 = Debug|Any CPU
		{188517E6-05B7-4AAB-8E9D-A94218ECBA86}.Release|Any CPU.ActiveCfg = Release|Any CPU
		{188517E6-05B7-4AAB-8E9D-A94218ECBA86}.Release|Any CPU.Build.0 = Release|Any CPU
	EndGlobalSection
	GlobalSection(SolutionProperties) = preSolution
		HideSolutionNode = FALSE
	EndGlobalSection
	GlobalSection(ExtensibilityGlobals) = postSolution
		SolutionGuid = {6DB7399E-E67D-4654-B137-523124208BB7}
	EndGlobalSection
EndGlobal
